
Microsoft Visual Studio Solution File, Format Version 12.00
# Visual Studio 15
VisualStudioVersion = 15.0.26430.4
MinimumVisualStudioVersion = 10.0.40219.1
Project("{FAE04EC0-301F-11D3-BF4B-00C04F79EFBC}") = "10-substrings", "10-substrings\10-substrings.csproj", "{5FCC062D-5434-4D67-9772-6E8793996DA6}"
EndProject
Project("{FAE04EC0-301F-11D3-BF4B-00C04F79EFBC}") = "MulitipleOf3And5", "MulitipleOf3And5\MulitipleOf3And5.csproj", "{E5AA1105-3AEC-4694-BA35-1ADD59257641}"
EndProject
Project("{FAE04EC0-301F-11D3-BF4B-00C04F79EFBC}") = "EvenFibonacci", "EvenFibonacci\EvenFibonacci.csproj", "{B0CC2225-5DDD-4C03-8B56-5056157CE7C8}"
EndProject
Project("{FAE04EC0-301F-11D3-BF4B-00C04F79EFBC}") = "LargestPrimeFactor", "LargestPrimeFactor\LargestPrimeFactor.csproj", "{8DAE3855-9A2A-46F6-8D8D-CF1B5A4002D5}"
EndProject
Project("{FAE04EC0-301F-11D3-BF4B-00C04F79EFBC}") = "LargestPalindromeProduct", "LargestPalindromeProduct\LargestPalindromeProduct.csproj", "{D612AE2E-9E4B-421E-8D35-0F5428E2B479}"
EndProject
Project("{FAE04EC0-301F-11D3-BF4B-00C04F79EFBC}") = "SmallestMultiple", "SmallestMultiple\SmallestMultiple.csproj", "{1B0DE4BA-9C45-40B3-83A5-7D4B76B4CB08}"
EndProject
Project("{FAE04EC0-301F-11D3-BF4B-00C04F79EFBC}") = "SumSquareDiff", "SumSquareDiff\SumSquareDiff.csproj", "{57A4B76E-3D9F-4861-99C3-F2552D74C6ED}"
EndProject
Project("{FAE04EC0-301F-11D3-BF4B-00C04F79EFBC}") = "10001stPrimie", "10001stPrimie\10001stPrimie.csproj", "{B98BC602-AD60-4DD1-971B-EF9654A8E86A}"
EndProject
Project("{FAE04EC0-301F-11D3-BF4B-00C04F79EFBC}") = "LargestProductInSeries", "LargestProductInSeries\LargestProductInSeries.csproj", "{1ACA1518-FAC0-4EED-8C17-2B436C49133B}"
EndProject
Project("{FAE04EC0-301F-11D3-BF4B-00C04F79EFBC}") = "SpecialPythagoreanTriplet", "SpecialPythagoreanTriplet\SpecialPythagoreanTriplet.csproj", "{C692135C-2D9C-46A9-98B2-FCC8655A484D}"
EndProject
Project("{FAE04EC0-301F-11D3-BF4B-00C04F79EFBC}") = "SumPrime", "SumPrime\SumPrime.csproj", "{DD82A544-DE5F-48CF-A0DC-F38FB7FD574D}"
EndProject
Project("{FAE04EC0-301F-11D3-BF4B-00C04F79EFBC}") = "PractiseStruct", "PractiseStruct\PractiseStruct.csproj", "{B4411A13-8BC1-4AE6-9575-12796044CE38}"
EndProject
Project("{FAE04EC0-301F-11D3-BF4B-00C04F79EFBC}") = "OOP", "OOP\OOP.csproj", "{AB3F3C06-01F2-4D05-B6B9-E206156C1268}"
EndProject
Project("{FAE04EC0-301F-11D3-BF4B-00C04F79EFBC}") = "RecursiveDataTypes", "RecursiveDataTypes\RecursiveDataTypes.csproj", "{33FEDC12-45B8-4A22-B524-034FB8657610}"
EndProject
Project("{FAE04EC0-301F-11D3-BF4B-00C04F79EFBC}") = "Shapes", "Shapes\Shapes.csproj", "{7FCC921C-A750-49D8-9CAF-D3B95498A0EC}"
EndProject
Project("{2150E333-8FDC-42A3-9474-1A3956D46DE8}") = "ProjectEulerTen", "ProjectEulerTen", "{147AF608-524F-4C60-B537-71D888083ADC}"
EndProject
Project("{2150E333-8FDC-42A3-9474-1A3956D46DE8}") = "TIUExercises", "TIUExercises", "{3C974A2F-4310-4DAF-B45E-3A2243B551EA}"
EndProject
Project("{FAE04EC0-301F-11D3-BF4B-00C04F79EFBC}") = "LargestProductInGrid", "LargestProductInGrid\LargestProductInGrid.csproj", "{B8BE12CE-5C07-4A50-BEAD-D4BE507543EA}"
EndProject
Project("{FAE04EC0-301F-11D3-BF4B-00C04F79EFBC}") = "HighlyDivisibleTriangularNumber", "HighlyDivisibleTriangularNumber\HighlyDivisibleTriangularNumber.csproj", "{55979022-19E1-4038-84BC-6A441FCA76BA}"
EndProject
Project("{FAE04EC0-301F-11D3-BF4B-00C04F79EFBC}") = "IEnumerablePractice", "IEnumerablePractice\IEnumerablePractice.csproj", "{BD52DC7E-51E2-430E-B71A-3D2D63A1B8CE}"
EndProject
Project("{FAE04EC0-301F-11D3-BF4B-00C04F79EFBC}") = "LargeSum", "LargeSum\LargeSum.csproj", "{A380415E-88D4-4039-9147-7613C704AFC0}"
EndProject
Project("{FAE04EC0-301F-11D3-BF4B-00C04F79EFBC}") = "LongestCollatzSequence", "LongestCollatzSequence\LongestCollatzSequence.csproj", "{29A44559-E975-4302-8F2D-4E12C0F728C3}"
EndProject
Project("{FAE04EC0-301F-11D3-BF4B-00C04F79EFBC}") = "LatticePaths", "LatticePaths\LatticePaths.csproj", "{C813730C-92C8-4C4F-B2D0-3B9084E6C437}"
EndProject
Project("{FAE04EC0-301F-11D3-BF4B-00C04F79EFBC}") = "MaximumPathSumOne", "MaximumPathSumOne\MaximumPathSumOne.csproj", "{4824A1DA-9546-425F-8402-5BC14ED570A7}"
EndProject
Global
	GlobalSection(SolutionConfigurationPlatforms) = preSolution
		Debug|Any CPU = Debug|Any CPU
		Release|Any CPU = Release|Any CPU
	EndGlobalSection
	GlobalSection(ProjectConfigurationPlatforms) = postSolution
		{5FCC062D-5434-4D67-9772-6E8793996DA6}.Debug|Any CPU.ActiveCfg = Debug|Any CPU
		{5FCC062D-5434-4D67-9772-6E8793996DA6}.Debug|Any CPU.Build.0 = Debug|Any CPU
		{5FCC062D-5434-4D67-9772-6E8793996DA6}.Release|Any CPU.ActiveCfg = Release|Any CPU
		{5FCC062D-5434-4D67-9772-6E8793996DA6}.Release|Any CPU.Build.0 = Release|Any CPU
		{E5AA1105-3AEC-4694-BA35-1ADD59257641}.Debug|Any CPU.ActiveCfg = Debug|Any CPU
		{E5AA1105-3AEC-4694-BA35-1ADD59257641}.Debug|Any CPU.Build.0 = Debug|Any CPU
		{E5AA1105-3AEC-4694-BA35-1ADD59257641}.Release|Any CPU.ActiveCfg = Release|Any CPU
		{E5AA1105-3AEC-4694-BA35-1ADD59257641}.Release|Any CPU.Build.0 = Release|Any CPU
		{B0CC2225-5DDD-4C03-8B56-5056157CE7C8}.Debug|Any CPU.ActiveCfg = Debug|Any CPU
		{B0CC2225-5DDD-4C03-8B56-5056157CE7C8}.Debug|Any CPU.Build.0 = Debug|Any CPU
		{B0CC2225-5DDD-4C03-8B56-5056157CE7C8}.Release|Any CPU.ActiveCfg = Release|Any CPU
		{B0CC2225-5DDD-4C03-8B56-5056157CE7C8}.Release|Any CPU.Build.0 = Release|Any CPU
		{8DAE3855-9A2A-46F6-8D8D-CF1B5A4002D5}.Debug|Any CPU.ActiveCfg = Debug|Any CPU
		{8DAE3855-9A2A-46F6-8D8D-CF1B5A4002D5}.Debug|Any CPU.Build.0 = Debug|Any CPU
		{8DAE3855-9A2A-46F6-8D8D-CF1B5A4002D5}.Release|Any CPU.ActiveCfg = Release|Any CPU
		{8DAE3855-9A2A-46F6-8D8D-CF1B5A4002D5}.Release|Any CPU.Build.0 = Release|Any CPU
		{D612AE2E-9E4B-421E-8D35-0F5428E2B479}.Debug|Any CPU.ActiveCfg = Debug|Any CPU
		{D612AE2E-9E4B-421E-8D35-0F5428E2B479}.Debug|Any CPU.Build.0 = Debug|Any CPU
		{D612AE2E-9E4B-421E-8D35-0F5428E2B479}.Release|Any CPU.ActiveCfg = Release|Any CPU
		{D612AE2E-9E4B-421E-8D35-0F5428E2B479}.Release|Any CPU.Build.0 = Release|Any CPU
		{1B0DE4BA-9C45-40B3-83A5-7D4B76B4CB08}.Debug|Any CPU.ActiveCfg = Debug|Any CPU
		{1B0DE4BA-9C45-40B3-83A5-7D4B76B4CB08}.Debug|Any CPU.Build.0 = Debug|Any CPU
		{1B0DE4BA-9C45-40B3-83A5-7D4B76B4CB08}.Release|Any CPU.ActiveCfg = Release|Any CPU
		{1B0DE4BA-9C45-40B3-83A5-7D4B76B4CB08}.Release|Any CPU.Build.0 = Release|Any CPU
		{57A4B76E-3D9F-4861-99C3-F2552D74C6ED}.Debug|Any CPU.ActiveCfg = Debug|Any CPU
		{57A4B76E-3D9F-4861-99C3-F2552D74C6ED}.Debug|Any CPU.Build.0 = Debug|Any CPU
		{57A4B76E-3D9F-4861-99C3-F2552D74C6ED}.Release|Any CPU.ActiveCfg = Release|Any CPU
		{57A4B76E-3D9F-4861-99C3-F2552D74C6ED}.Release|Any CPU.Build.0 = Release|Any CPU
		{B98BC602-AD60-4DD1-971B-EF9654A8E86A}.Debug|Any CPU.ActiveCfg = Debug|Any CPU
		{B98BC602-AD60-4DD1-971B-EF9654A8E86A}.Debug|Any CPU.Build.0 = Debug|Any CPU
		{B98BC602-AD60-4DD1-971B-EF9654A8E86A}.Release|Any CPU.ActiveCfg = Release|Any CPU
		{B98BC602-AD60-4DD1-971B-EF9654A8E86A}.Release|Any CPU.Build.0 = Release|Any CPU
		{1ACA1518-FAC0-4EED-8C17-2B436C49133B}.Debug|Any CPU.ActiveCfg = Debug|Any CPU
		{1ACA1518-FAC0-4EED-8C17-2B436C49133B}.Debug|Any CPU.Build.0 = Debug|Any CPU
		{1ACA1518-FAC0-4EED-8C17-2B436C49133B}.Release|Any CPU.ActiveCfg = Release|Any CPU
		{1ACA1518-FAC0-4EED-8C17-2B436C49133B}.Release|Any CPU.Build.0 = Release|Any CPU
		{C692135C-2D9C-46A9-98B2-FCC8655A484D}.Debug|Any CPU.ActiveCfg = Debug|Any CPU
		{C692135C-2D9C-46A9-98B2-FCC8655A484D}.Debug|Any CPU.Build.0 = Debug|Any CPU
		{C692135C-2D9C-46A9-98B2-FCC8655A484D}.Release|Any CPU.ActiveCfg = Release|Any CPU
		{C692135C-2D9C-46A9-98B2-FCC8655A484D}.Release|Any CPU.Build.0 = Release|Any CPU
		{DD82A544-DE5F-48CF-A0DC-F38FB7FD574D}.Debug|Any CPU.ActiveCfg = Debug|Any CPU
		{DD82A544-DE5F-48CF-A0DC-F38FB7FD574D}.Debug|Any CPU.Build.0 = Debug|Any CPU
		{DD82A544-DE5F-48CF-A0DC-F38FB7FD574D}.Release|Any CPU.ActiveCfg = Release|Any CPU
		{DD82A544-DE5F-48CF-A0DC-F38FB7FD574D}.Release|Any CPU.Build.0 = Release|Any CPU
		{B4411A13-8BC1-4AE6-9575-12796044CE38}.Debug|Any CPU.ActiveCfg = Debug|Any CPU
		{B4411A13-8BC1-4AE6-9575-12796044CE38}.Debug|Any CPU.Build.0 = Debug|Any CPU
		{B4411A13-8BC1-4AE6-9575-12796044CE38}.Release|Any CPU.ActiveCfg = Release|Any CPU
		{B4411A13-8BC1-4AE6-9575-12796044CE38}.Release|Any CPU.Build.0 = Release|Any CPU
		{AB3F3C06-01F2-4D05-B6B9-E206156C1268}.Debug|Any CPU.ActiveCfg = Debug|Any CPU
		{AB3F3C06-01F2-4D05-B6B9-E206156C1268}.Debug|Any CPU.Build.0 = Debug|Any CPU
		{AB3F3C06-01F2-4D05-B6B9-E206156C1268}.Release|Any CPU.ActiveCfg = Release|Any CPU
		{AB3F3C06-01F2-4D05-B6B9-E206156C1268}.Release|Any CPU.Build.0 = Release|Any CPU
		{33FEDC12-45B8-4A22-B524-034FB8657610}.Debug|Any CPU.ActiveCfg = Debug|Any CPU
		{33FEDC12-45B8-4A22-B524-034FB8657610}.Debug|Any CPU.Build.0 = Debug|Any CPU
		{33FEDC12-45B8-4A22-B524-034FB8657610}.Release|Any CPU.ActiveCfg = Release|Any CPU
		{33FEDC12-45B8-4A22-B524-034FB8657610}.Release|Any CPU.Build.0 = Release|Any CPU
		{7FCC921C-A750-49D8-9CAF-D3B95498A0EC}.Debug|Any CPU.ActiveCfg = Debug|Any CPU
		{7FCC921C-A750-49D8-9CAF-D3B95498A0EC}.Debug|Any CPU.Build.0 = Debug|Any CPU
		{7FCC921C-A750-49D8-9CAF-D3B95498A0EC}.Release|Any CPU.ActiveCfg = Release|Any CPU
		{7FCC921C-A750-49D8-9CAF-D3B95498A0EC}.Release|Any CPU.Build.0 = Release|Any CPU
		{B8BE12CE-5C07-4A50-BEAD-D4BE507543EA}.Debug|Any CPU.ActiveCfg = Debug|Any CPU
		{B8BE12CE-5C07-4A50-BEAD-D4BE507543EA}.Debug|Any CPU.Build.0 = Debug|Any CPU
		{B8BE12CE-5C07-4A50-BEAD-D4BE507543EA}.Release|Any CPU.ActiveCfg = Release|Any CPU
		{B8BE12CE-5C07-4A50-BEAD-D4BE507543EA}.Release|Any CPU.Build.0 = Release|Any CPU
		{55979022-19E1-4038-84BC-6A441FCA76BA}.Debug|Any CPU.ActiveCfg = Debug|Any CPU
		{55979022-19E1-4038-84BC-6A441FCA76BA}.Debug|Any CPU.Build.0 = Debug|Any CPU
		{55979022-19E1-4038-84BC-6A441FCA76BA}.Release|Any CPU.ActiveCfg = Release|Any CPU
		{55979022-19E1-4038-84BC-6A441FCA76BA}.Release|Any CPU.Build.0 = Release|Any CPU
		{BD52DC7E-51E2-430E-B71A-3D2D63A1B8CE}.Debug|Any CPU.ActiveCfg = Debug|Any CPU
		{BD52DC7E-51E2-430E-B71A-3D2D63A1B8CE}.Debug|Any CPU.Build.0 = Debug|Any CPU
		{BD52DC7E-51E2-430E-B71A-3D2D63A1B8CE}.Release|Any CPU.ActiveCfg = Release|Any CPU
		{BD52DC7E-51E2-430E-B71A-3D2D63A1B8CE}.Release|Any CPU.Build.0 = Release|Any CPU
		{A380415E-88D4-4039-9147-7613C704AFC0}.Debug|Any CPU.ActiveCfg = Debug|Any CPU
		{A380415E-88D4-4039-9147-7613C704AFC0}.Debug|Any CPU.Build.0 = Debug|Any CPU
		{A380415E-88D4-4039-9147-7613C704AFC0}.Release|Any CPU.ActiveCfg = Release|Any CPU
		{A380415E-88D4-4039-9147-7613C704AFC0}.Release|Any CPU.Build.0 = Release|Any CPU
		{29A44559-E975-4302-8F2D-4E12C0F728C3}.Debug|Any CPU.ActiveCfg = Debug|Any CPU
		{29A44559-E975-4302-8F2D-4E12C0F728C3}.Debug|Any CPU.Build.0 = Debug|Any CPU
		{29A44559-E975-4302-8F2D-4E12C0F728C3}.Release|Any CPU.ActiveCfg = Release|Any CPU
		{29A44559-E975-4302-8F2D-4E12C0F728C3}.Release|Any CPU.Build.0 = Release|Any CPU
		{C813730C-92C8-4C4F-B2D0-3B9084E6C437}.Debug|Any CPU.ActiveCfg = Debug|Any CPU
		{C813730C-92C8-4C4F-B2D0-3B9084E6C437}.Debug|Any CPU.Build.0 = Debug|Any CPU
		{C813730C-92C8-4C4F-B2D0-3B9084E6C437}.Release|Any CPU.ActiveCfg = Release|Any CPU
		{C813730C-92C8-4C4F-B2D0-3B9084E6C437}.Release|Any CPU.Build.0 = Release|Any CPU
		{4824A1DA-9546-425F-8402-5BC14ED570A7}.Debug|Any CPU.ActiveCfg = Debug|Any CPU
		{4824A1DA-9546-425F-8402-5BC14ED570A7}.Debug|Any CPU.Build.0 = Debug|Any CPU
		{4824A1DA-9546-425F-8402-5BC14ED570A7}.Release|Any CPU.ActiveCfg = Release|Any CPU
		{4824A1DA-9546-425F-8402-5BC14ED570A7}.Release|Any CPU.Build.0 = Release|Any CPU
	EndGlobalSection
	GlobalSection(SolutionProperties) = preSolution
		HideSolutionNode = FALSE
	EndGlobalSection
	GlobalSection(NestedProjects) = preSolution
		{5FCC062D-5434-4D67-9772-6E8793996DA6} = {147AF608-524F-4C60-B537-71D888083ADC}
		{E5AA1105-3AEC-4694-BA35-1ADD59257641} = {147AF608-524F-4C60-B537-71D888083ADC}
		{B0CC2225-5DDD-4C03-8B56-5056157CE7C8} = {147AF608-524F-4C60-B537-71D888083ADC}
		{8DAE3855-9A2A-46F6-8D8D-CF1B5A4002D5} = {147AF608-524F-4C60-B537-71D888083ADC}
		{D612AE2E-9E4B-421E-8D35-0F5428E2B479} = {147AF608-524F-4C60-B537-71D888083ADC}
		{1B0DE4BA-9C45-40B3-83A5-7D4B76B4CB08} = {147AF608-524F-4C60-B537-71D888083ADC}
		{57A4B76E-3D9F-4861-99C3-F2552D74C6ED} = {147AF608-524F-4C60-B537-71D888083ADC}
		{B98BC602-AD60-4DD1-971B-EF9654A8E86A} = {147AF608-524F-4C60-B537-71D888083ADC}
		{1ACA1518-FAC0-4EED-8C17-2B436C49133B} = {147AF608-524F-4C60-B537-71D888083ADC}
		{C692135C-2D9C-46A9-98B2-FCC8655A484D} = {147AF608-524F-4C60-B537-71D888083ADC}
		{DD82A544-DE5F-48CF-A0DC-F38FB7FD574D} = {147AF608-524F-4C60-B537-71D888083ADC}
		{B4411A13-8BC1-4AE6-9575-12796044CE38} = {3C974A2F-4310-4DAF-B45E-3A2243B551EA}
		{AB3F3C06-01F2-4D05-B6B9-E206156C1268} = {3C974A2F-4310-4DAF-B45E-3A2243B551EA}
		{33FEDC12-45B8-4A22-B524-034FB8657610} = {3C974A2F-4310-4DAF-B45E-3A2243B551EA}
		{7FCC921C-A750-49D8-9CAF-D3B95498A0EC} = {3C974A2F-4310-4DAF-B45E-3A2243B551EA}
		{B8BE12CE-5C07-4A50-BEAD-D4BE507543EA} = {147AF608-524F-4C60-B537-71D888083ADC}
		{55979022-19E1-4038-84BC-6A441FCA76BA} = {147AF608-524F-4C60-B537-71D888083ADC}
		{BD52DC7E-51E2-430E-B71A-3D2D63A1B8CE} = {3C974A2F-4310-4DAF-B45E-3A2243B551EA}
		{A380415E-88D4-4039-9147-7613C704AFC0} = {147AF608-524F-4C60-B537-71D888083ADC}
		{29A44559-E975-4302-8F2D-4E12C0F728C3} = {147AF608-524F-4C60-B537-71D888083ADC}
	EndGlobalSection
EndGlobal
