
Microsoft Visual Studio Solution File, Format Version 12.00
# Visual Studio 15
VisualStudioVersion = 15.0.26430.6
MinimumVisualStudioVersion = 10.0.40219.1
Project("{FAE04EC0-301F-11D3-BF4B-00C04F79EFBC}") = "10-substrings", "10-substrings\10-substrings.csproj", "{5FCC062D-5434-4D67-9772-6E8793996DA6}"
EndProject
Project("{FAE04EC0-301F-11D3-BF4B-00C04F79EFBC}") = "MulitipleOf3And5", "MulitipleOf3And5\MulitipleOf3And5.csproj", "{E5AA1105-3AEC-4694-BA35-1ADD59257641}"
EndProject
Project("{FAE04EC0-301F-11D3-BF4B-00C04F79EFBC}") = "EvenFibonacci", "EvenFibonacci\EvenFibonacci.csproj", "{B0CC2225-5DDD-4C03-8B56-5056157CE7C8}"
EndProject
Project("{FAE04EC0-301F-11D3-BF4B-00C04F79EFBC}") = "LargestPrimeFactor", "LargestPrimeFactor\LargestPrimeFactor.csproj", "{8DAE3855-9A2A-46F6-8D8D-CF1B5A4002D5}"
EndProject
Project("{FAE04EC0-301F-11D3-BF4B-00C04F79EFBC}") = "LargestPalindromeProduct", "LargestPalindromeProduct\LargestPalindromeProduct.csproj", "{D612AE2E-9E4B-421E-8D35-0F5428E2B479}"
EndProject
Project("{FAE04EC0-301F-11D3-BF4B-00C04F79EFBC}") = "SmallestMultiple", "SmallestMultiple\SmallestMultiple.csproj", "{1B0DE4BA-9C45-40B3-83A5-7D4B76B4CB08}"
EndProject
Global
	GlobalSection(SolutionConfigurationPlatforms) = preSolution
		Debug|Any CPU = Debug|Any CPU
		Release|Any CPU = Release|Any CPU
	EndGlobalSection
	GlobalSection(ProjectConfigurationPlatforms) = postSolution
		{5FCC062D-5434-4D67-9772-6E8793996DA6}.Debug|Any CPU.ActiveCfg = Debug|Any CPU
		{5FCC062D-5434-4D67-9772-6E8793996DA6}.Debug|Any CPU.Build.0 = Debug|Any CPU
		{5FCC062D-5434-4D67-9772-6E8793996DA6}.Release|Any CPU.ActiveCfg = Release|Any CPU
		{5FCC062D-5434-4D67-9772-6E8793996DA6}.Release|Any CPU.Build.0 = Release|Any CPU
		{E5AA1105-3AEC-4694-BA35-1ADD59257641}.Debug|Any CPU.ActiveCfg = Debug|Any CPU
		{E5AA1105-3AEC-4694-BA35-1ADD59257641}.Debug|Any CPU.Build.0 = Debug|Any CPU
		{E5AA1105-3AEC-4694-BA35-1ADD59257641}.Release|Any CPU.ActiveCfg = Release|Any CPU
		{E5AA1105-3AEC-4694-BA35-1ADD59257641}.Release|Any CPU.Build.0 = Release|Any CPU
		{B0CC2225-5DDD-4C03-8B56-5056157CE7C8}.Debug|Any CPU.ActiveCfg = Debug|Any CPU
		{B0CC2225-5DDD-4C03-8B56-5056157CE7C8}.Debug|Any CPU.Build.0 = Debug|Any CPU
		{B0CC2225-5DDD-4C03-8B56-5056157CE7C8}.Release|Any CPU.ActiveCfg = Release|Any CPU
		{B0CC2225-5DDD-4C03-8B56-5056157CE7C8}.Release|Any CPU.Build.0 = Release|Any CPU
		{8DAE3855-9A2A-46F6-8D8D-CF1B5A4002D5}.Debug|Any CPU.ActiveCfg = Debug|Any CPU
		{8DAE3855-9A2A-46F6-8D8D-CF1B5A4002D5}.Debug|Any CPU.Build.0 = Debug|Any CPU
		{8DAE3855-9A2A-46F6-8D8D-CF1B5A4002D5}.Release|Any CPU.ActiveCfg = Release|Any CPU
		{8DAE3855-9A2A-46F6-8D8D-CF1B5A4002D5}.Release|Any CPU.Build.0 = Release|Any CPU
		{D612AE2E-9E4B-421E-8D35-0F5428E2B479}.Debug|Any CPU.ActiveCfg = Debug|Any CPU
		{D612AE2E-9E4B-421E-8D35-0F5428E2B479}.Debug|Any CPU.Build.0 = Debug|Any CPU
		{D612AE2E-9E4B-421E-8D35-0F5428E2B479}.Release|Any CPU.ActiveCfg = Release|Any CPU
		{D612AE2E-9E4B-421E-8D35-0F5428E2B479}.Release|Any CPU.Build.0 = Release|Any CPU
		{1B0DE4BA-9C45-40B3-83A5-7D4B76B4CB08}.Debug|Any CPU.ActiveCfg = Debug|Any CPU
		{1B0DE4BA-9C45-40B3-83A5-7D4B76B4CB08}.Debug|Any CPU.Build.0 = Debug|Any CPU
		{1B0DE4BA-9C45-40B3-83A5-7D4B76B4CB08}.Release|Any CPU.ActiveCfg = Release|Any CPU
		{1B0DE4BA-9C45-40B3-83A5-7D4B76B4CB08}.Release|Any CPU.Build.0 = Release|Any CPU
	EndGlobalSection
	GlobalSection(SolutionProperties) = preSolution
		HideSolutionNode = FALSE
	EndGlobalSection
EndGlobal
